
Microsoft Visual Studio Solution File, Format Version 12.00
# Visual Studio 15
VisualStudioVersion = 15.0.27004.2009
MinimumVisualStudioVersion = 10.0.40219.1
Project("{9A19103F-16F7-4668-BE54-9A1E7A4F7556}") = "Email", "Email\Email.csproj", "{AC3EDBB3-8E92-47C6-8FED-1A7AD8A51529}"
EndProject
Project("{FAE04EC0-301F-11D3-BF4B-00C04F79EFBC}") = "Data", "Data\Data.csproj", "{41969D7C-B503-4196-8855-AADF0DED258D}"
EndProject
Global
	GlobalSection(SolutionConfigurationPlatforms) = preSolution
		Debug|Any CPU = Debug|Any CPU
		Release|Any CPU = Release|Any CPU
	EndGlobalSection
	GlobalSection(ProjectConfigurationPlatforms) = postSolution
		{AC3EDBB3-8E92-47C6-8FED-1A7AD8A51529}.Debug|Any CPU.ActiveCfg = Debug|Any CPU
		{AC3EDBB3-8E92-47C6-8FED-1A7AD8A51529}.Debug|Any CPU.Build.0 = Debug|Any CPU
		{AC3EDBB3-8E92-47C6-8FED-1A7AD8A51529}.Release|Any CPU.ActiveCfg = Release|Any CPU
		{AC3EDBB3-8E92-47C6-8FED-1A7AD8A51529}.Release|Any CPU.Build.0 = Release|Any CPU
		{41969D7C-B503-4196-8855-AADF0DED258D}.Debug|Any CPU.ActiveCfg = Debug|Any CPU
		{41969D7C-B503-4196-8855-AADF0DED258D}.Debug|Any CPU.Build.0 = Debug|Any CPU
		{41969D7C-B503-4196-8855-AADF0DED258D}.Release|Any CPU.ActiveCfg = Release|Any CPU
		{41969D7C-B503-4196-8855-AADF0DED258D}.Release|Any CPU.Build.0 = Release|Any CPU
	EndGlobalSection
	GlobalSection(SolutionProperties) = preSolution
		HideSolutionNode = FALSE
	EndGlobalSection
	GlobalSection(ExtensibilityGlobals) = postSolution
		SolutionGuid = {C30809E0-C74A-4B3E-AE3D-3E7FDEA9809D}
	EndGlobalSection
EndGlobal
